
Microsoft Visual Studio Solution File, Format Version 12.00
# Visual Studio Version 17
VisualStudioVersion = 17.3.32901.215
MinimumVisualStudioVersion = 10.0.40219.1
Project("{FAE04EC0-301F-11D3-BF4B-00C04F79EFBC}") = "ThreadingTutorial", "ThreadingTutorial\ThreadingTutorial.csproj", "{C780E3A5-E571-4906-99C8-F7E99FAD8499}"
EndProject
Global
	GlobalSection(SolutionConfigurationPlatforms) = preSolution
		Debug|Any CPU = Debug|Any CPU
		Release|Any CPU = Release|Any CPU
	EndGlobalSection
	GlobalSection(ProjectConfigurationPlatforms) = postSolution
		{C780E3A5-E571-4906-99C8-F7E99FAD8499}.Debug|Any CPU.ActiveCfg = Debug|Any CPU
		{C780E3A5-E571-4906-99C8-F7E99FAD8499}.Debug|Any CPU.Build.0 = Debug|Any CPU
		{C780E3A5-E571-4906-99C8-F7E99FAD8499}.Release|Any CPU.ActiveCfg = Release|Any CPU
		{C780E3A5-E571-4906-99C8-F7E99FAD8499}.Release|Any CPU.Build.0 = Release|Any CPU
	EndGlobalSection
	GlobalSection(SolutionProperties) = preSolution
		HideSolutionNode = FALSE
	EndGlobalSection
	GlobalSection(ExtensibilityGlobals) = postSolution
		SolutionGuid = {A75FCDE4-42D6-4B9B-BA95-A0F38B88ECB8}
	EndGlobalSection
EndGlobal
